
Microsoft Visual Studio Solution File, Format Version 12.00
# Visual Studio Version 17
VisualStudioVersion = 17.0.32112.339
MinimumVisualStudioVersion = 10.0.40219.1
Project("{FAE04EC0-301F-11D3-BF4B-00C04F79EFBC}") = "PracticasUnidad2", "PracticasUnidad2\PracticasUnidad2.csproj", "{82DBCAFC-C77D-4A70-A851-B57CA55690B8}"
EndProject
Project("{FAE04EC0-301F-11D3-BF4B-00C04F79EFBC}") = "Ejemplo1-unidad2", "Ejemplo1-unidad2\Ejemplo1-unidad2.csproj", "{CA8DF869-10B6-47C8-9055-479B91301F45}"
EndProject
Project("{FAE04EC0-301F-11D3-BF4B-00C04F79EFBC}") = "Ejemplo2-unidad2", "Ejemplo2-unidad2\Ejemplo2-unidad2.csproj", "{BFB64ACD-F493-4532-BA5D-6C1FAE59B017}"
EndProject
Global
	GlobalSection(SolutionConfigurationPlatforms) = preSolution
		Debug|Any CPU = Debug|Any CPU
		Release|Any CPU = Release|Any CPU
	EndGlobalSection
	GlobalSection(ProjectConfigurationPlatforms) = postSolution
		{82DBCAFC-C77D-4A70-A851-B57CA55690B8}.Debug|Any CPU.ActiveCfg = Debug|Any CPU
		{82DBCAFC-C77D-4A70-A851-B57CA55690B8}.Debug|Any CPU.Build.0 = Debug|Any CPU
		{82DBCAFC-C77D-4A70-A851-B57CA55690B8}.Release|Any CPU.ActiveCfg = Release|Any CPU
		{82DBCAFC-C77D-4A70-A851-B57CA55690B8}.Release|Any CPU.Build.0 = Release|Any CPU
		{CA8DF869-10B6-47C8-9055-479B91301F45}.Debug|Any CPU.ActiveCfg = Debug|Any CPU
		{CA8DF869-10B6-47C8-9055-479B91301F45}.Debug|Any CPU.Build.0 = Debug|Any CPU
		{CA8DF869-10B6-47C8-9055-479B91301F45}.Release|Any CPU.ActiveCfg = Release|Any CPU
		{CA8DF869-10B6-47C8-9055-479B91301F45}.Release|Any CPU.Build.0 = Release|Any CPU
		{BFB64ACD-F493-4532-BA5D-6C1FAE59B017}.Debug|Any CPU.ActiveCfg = Debug|Any CPU
		{BFB64ACD-F493-4532-BA5D-6C1FAE59B017}.Debug|Any CPU.Build.0 = Debug|Any CPU
		{BFB64ACD-F493-4532-BA5D-6C1FAE59B017}.Release|Any CPU.ActiveCfg = Release|Any CPU
		{BFB64ACD-F493-4532-BA5D-6C1FAE59B017}.Release|Any CPU.Build.0 = Release|Any CPU
	EndGlobalSection
	GlobalSection(SolutionProperties) = preSolution
		HideSolutionNode = FALSE
	EndGlobalSection
	GlobalSection(ExtensibilityGlobals) = postSolution
		SolutionGuid = {F21C851A-3BCB-46E9-A878-702790A887F4}
	EndGlobalSection
EndGlobal
