
Microsoft Visual Studio Solution File, Format Version 12.00
# Visual Studio Version 17
VisualStudioVersion = 17.0.32112.339
MinimumVisualStudioVersion = 10.0.40219.1
Project("{FAE04EC0-301F-11D3-BF4B-00C04F79EFBC}") = "Ejercicios-de-prueba", "Ejercicios-de-prueba.csproj", "{7EDA53FB-1CA0-4F51-8E1A-6E1CAE6650A3}"
EndProject
Project("{FAE04EC0-301F-11D3-BF4B-00C04F79EFBC}") = "ConsoleApp1", "..\ConsoleApp1\ConsoleApp1.csproj", "{812ACC61-B53D-4307-A82A-4973CD69CF0A}"
EndProject
Global
	GlobalSection(SolutionConfigurationPlatforms) = preSolution
		Debug|Any CPU = Debug|Any CPU
		Release|Any CPU = Release|Any CPU
	EndGlobalSection
	GlobalSection(ProjectConfigurationPlatforms) = postSolution
		{7EDA53FB-1CA0-4F51-8E1A-6E1CAE6650A3}.Debug|Any CPU.ActiveCfg = Debug|Any CPU
		{7EDA53FB-1CA0-4F51-8E1A-6E1CAE6650A3}.Debug|Any CPU.Build.0 = Debug|Any CPU
		{7EDA53FB-1CA0-4F51-8E1A-6E1CAE6650A3}.Release|Any CPU.ActiveCfg = Release|Any CPU
		{7EDA53FB-1CA0-4F51-8E1A-6E1CAE6650A3}.Release|Any CPU.Build.0 = Release|Any CPU
		{812ACC61-B53D-4307-A82A-4973CD69CF0A}.Debug|Any CPU.ActiveCfg = Debug|Any CPU
		{812ACC61-B53D-4307-A82A-4973CD69CF0A}.Debug|Any CPU.Build.0 = Debug|Any CPU
		{812ACC61-B53D-4307-A82A-4973CD69CF0A}.Release|Any CPU.ActiveCfg = Release|Any CPU
		{812ACC61-B53D-4307-A82A-4973CD69CF0A}.Release|Any CPU.Build.0 = Release|Any CPU
	EndGlobalSection
	GlobalSection(SolutionProperties) = preSolution
		HideSolutionNode = FALSE
	EndGlobalSection
	GlobalSection(ExtensibilityGlobals) = postSolution
		SolutionGuid = {0E632A09-9940-4773-9CF4-8B400C99858A}
	EndGlobalSection
EndGlobal
